
Microsoft Visual Studio Solution File, Format Version 12.00
# Visual Studio Version 17
VisualStudioVersion = 17.7.34221.43
MinimumVisualStudioVersion = 10.0.40219.1
Project("{FAE04EC0-301F-11D3-BF4B-00C04F79EFBC}") = "Infrastructure", "Infrastructure\Infrastructure.csproj", "{7EC9C3FC-793E-44D4-A977-88F75491F3D5}"
EndProject
Project("{FAE04EC0-301F-11D3-BF4B-00C04F79EFBC}") = "GSB_DataAccess", "GSB_DataAccess\GSB_DataAccess.csproj", "{9FD47870-85FB-4D03-A2FF-938E453CD205}"
EndProject
Project("{FAE04EC0-301F-11D3-BF4B-00C04F79EFBC}") = "GSB_Business", "GSB_Business\GSB_Business.csproj", "{60619C4C-A5F9-4378-A24A-22179EEDC829}"
EndProject
Project("{FAE04EC0-301F-11D3-BF4B-00C04F79EFBC}") = "GSB_Model", "GSB_Model\GSB_Model.csproj", "{C4504568-B654-466E-A96C-0A361F8ADB80}"
EndProject
Project("{FAE04EC0-301F-11D3-BF4B-00C04F79EFBC}") = "GSB_WebAPI", "GSB_WebAPI\GSB_WebAPI.csproj", "{23C95768-0E07-41AE-BDF8-E6586C11A684}"
EndProject
Global
	GlobalSection(SolutionConfigurationPlatforms) = preSolution
		Debug|Any CPU = Debug|Any CPU
		Release|Any CPU = Release|Any CPU
	EndGlobalSection
	GlobalSection(ProjectConfigurationPlatforms) = postSolution
		{7EC9C3FC-793E-44D4-A977-88F75491F3D5}.Debug|Any CPU.ActiveCfg = Debug|Any CPU
		{7EC9C3FC-793E-44D4-A977-88F75491F3D5}.Debug|Any CPU.Build.0 = Debug|Any CPU
		{7EC9C3FC-793E-44D4-A977-88F75491F3D5}.Release|Any CPU.ActiveCfg = Release|Any CPU
		{7EC9C3FC-793E-44D4-A977-88F75491F3D5}.Release|Any CPU.Build.0 = Release|Any CPU
		{9FD47870-85FB-4D03-A2FF-938E453CD205}.Debug|Any CPU.ActiveCfg = Debug|Any CPU
		{9FD47870-85FB-4D03-A2FF-938E453CD205}.Debug|Any CPU.Build.0 = Debug|Any CPU
		{9FD47870-85FB-4D03-A2FF-938E453CD205}.Release|Any CPU.ActiveCfg = Release|Any CPU
		{9FD47870-85FB-4D03-A2FF-938E453CD205}.Release|Any CPU.Build.0 = Release|Any CPU
		{60619C4C-A5F9-4378-A24A-22179EEDC829}.Debug|Any CPU.ActiveCfg = Debug|Any CPU
		{60619C4C-A5F9-4378-A24A-22179EEDC829}.Debug|Any CPU.Build.0 = Debug|Any CPU
		{60619C4C-A5F9-4378-A24A-22179EEDC829}.Release|Any CPU.ActiveCfg = Release|Any CPU
		{60619C4C-A5F9-4378-A24A-22179EEDC829}.Release|Any CPU.Build.0 = Release|Any CPU
		{C4504568-B654-466E-A96C-0A361F8ADB80}.Debug|Any CPU.ActiveCfg = Debug|Any CPU
		{C4504568-B654-466E-A96C-0A361F8ADB80}.Debug|Any CPU.Build.0 = Debug|Any CPU
		{C4504568-B654-466E-A96C-0A361F8ADB80}.Release|Any CPU.ActiveCfg = Release|Any CPU
		{C4504568-B654-466E-A96C-0A361F8ADB80}.Release|Any CPU.Build.0 = Release|Any CPU
		{23C95768-0E07-41AE-BDF8-E6586C11A684}.Debug|Any CPU.ActiveCfg = Debug|Any CPU
		{23C95768-0E07-41AE-BDF8-E6586C11A684}.Debug|Any CPU.Build.0 = Debug|Any CPU
		{23C95768-0E07-41AE-BDF8-E6586C11A684}.Release|Any CPU.ActiveCfg = Release|Any CPU
		{23C95768-0E07-41AE-BDF8-E6586C11A684}.Release|Any CPU.Build.0 = Release|Any CPU
	EndGlobalSection
	GlobalSection(SolutionProperties) = preSolution
		HideSolutionNode = FALSE
	EndGlobalSection
	GlobalSection(ExtensibilityGlobals) = postSolution
		SolutionGuid = {76794FCC-E194-4173-BD53-97D60DD8600D}
	EndGlobalSection
EndGlobal
